
Microsoft Visual Studio Solution File, Format Version 12.00
# Visual Studio Version 17
VisualStudioVersion = 17.3.32901.215
MinimumVisualStudioVersion = 10.0.40219.1
Project("{9A19103F-16F7-4668-BE54-9A1E7A4F7556}") = "BestStories.Service", "BestStories\BestStories.Service.csproj", "{D21B0C32-0116-4FAD-AF74-BD07A684003B}"
EndProject
Project("{9A19103F-16F7-4668-BE54-9A1E7A4F7556}") = "BestStories.Core", "BestStories.Core\BestStories.Core.csproj", "{D2CA3DC9-EA10-4679-B722-727E9AF6909E}"
EndProject
Project("{FAE04EC0-301F-11D3-BF4B-00C04F79EFBC}") = "BestStories.Service.Test", "BestStories.Service.Test\BestStories.Service.Test.csproj", "{00075A3B-A029-47FD-9066-53061ACC25C9}"
EndProject
Global
	GlobalSection(SolutionConfigurationPlatforms) = preSolution
		Debug|Any CPU = Debug|Any CPU
		Release|Any CPU = Release|Any CPU
	EndGlobalSection
	GlobalSection(ProjectConfigurationPlatforms) = postSolution
		{D21B0C32-0116-4FAD-AF74-BD07A684003B}.Debug|Any CPU.ActiveCfg = Debug|Any CPU
		{D21B0C32-0116-4FAD-AF74-BD07A684003B}.Debug|Any CPU.Build.0 = Debug|Any CPU
		{D21B0C32-0116-4FAD-AF74-BD07A684003B}.Release|Any CPU.ActiveCfg = Release|Any CPU
		{D21B0C32-0116-4FAD-AF74-BD07A684003B}.Release|Any CPU.Build.0 = Release|Any CPU
		{D2CA3DC9-EA10-4679-B722-727E9AF6909E}.Debug|Any CPU.ActiveCfg = Debug|Any CPU
		{D2CA3DC9-EA10-4679-B722-727E9AF6909E}.Debug|Any CPU.Build.0 = Debug|Any CPU
		{D2CA3DC9-EA10-4679-B722-727E9AF6909E}.Release|Any CPU.ActiveCfg = Release|Any CPU
		{D2CA3DC9-EA10-4679-B722-727E9AF6909E}.Release|Any CPU.Build.0 = Release|Any CPU
		{00075A3B-A029-47FD-9066-53061ACC25C9}.Debug|Any CPU.ActiveCfg = Debug|Any CPU
		{00075A3B-A029-47FD-9066-53061ACC25C9}.Debug|Any CPU.Build.0 = Debug|Any CPU
		{00075A3B-A029-47FD-9066-53061ACC25C9}.Release|Any CPU.ActiveCfg = Release|Any CPU
		{00075A3B-A029-47FD-9066-53061ACC25C9}.Release|Any CPU.Build.0 = Release|Any CPU
	EndGlobalSection
	GlobalSection(SolutionProperties) = preSolution
		HideSolutionNode = FALSE
	EndGlobalSection
	GlobalSection(ExtensibilityGlobals) = postSolution
		SolutionGuid = {A824F1D7-92FF-4A44-A898-DF01929637D8}
	EndGlobalSection
EndGlobal
